// !$*UTF8*$!
{
	archiveVersion = 1;
	classes = {
	};
	objectVersion = 50;
	objects = {

/* Begin PBXBuildFile section */
		3A792CB524C0400800D2C482 /* AppDelegate.swift in Sources */ = {isa = PBXBuildFile; fileRef = 3A792CB424C0400800D2C482 /* AppDelegate.swift */; };
		3A792CB924C0400800D2C482 /* ViewController.swift in Sources */ = {isa = PBXBuildFile; fileRef = 3A792CB824C0400800D2C482 /* ViewController.swift */; };
		3A792CBC24C0400800D2C482 /* Main.storyboard in Resources */ = {isa = PBXBuildFile; fileRef = 3A792CBA24C0400800D2C482 /* Main.storyboard */; };
		3A792CBE24C0400B00D2C482 /* Assets.xcassets in Resources */ = {isa = PBXBuildFile; fileRef = 3A792CBD24C0400B00D2C482 /* Assets.xcassets */; };
		3A792CC124C0400B00D2C482 /* LaunchScreen.storyboard in Resources */ = {isa = PBXBuildFile; fileRef = 3A792CBF24C0400B00D2C482 /* LaunchScreen.storyboard */; };
		CB252D99B2933FF2A9E74F3A /* Pods_KN_arrays_release_builds.framework in Frameworks */ = {isa = PBXBuildFile; fileRef = 70C9DAF6228B0DEDC9960981 /* Pods_KN_arrays_release_builds.framework */; };
/* End PBXBuildFile section */

/* Begin PBXFileReference section */
		3A792CB124C0400800D2C482 /* KN-arrays-release-builds.app */ = {isa = PBXFileReference; explicitFileType = wrapper.application; includeInIndex = 0; path = "KN-arrays-release-builds.app"; sourceTree = BUILT_PRODUCTS_DIR; };
		3A792CB424C0400800D2C482 /* AppDelegate.swift */ = {isa = PBXFileReference; lastKnownFileType = sourcecode.swift; path = AppDelegate.swift; sourceTree = "<group>"; };
		3A792CB824C0400800D2C482 /* ViewController.swift */ = {isa = PBXFileReference; lastKnownFileType = sourcecode.swift; path = ViewController.swift; sourceTree = "<group>"; };
		3A792CBB24C0400800D2C482 /* Base */ = {isa = PBXFileReference; lastKnownFileType = file.storyboard; name = Base; path = Base.lproj/Main.storyboard; sourceTree = "<group>"; };
		3A792CBD24C0400B00D2C482 /* Assets.xcassets */ = {isa = PBXFileReference; lastKnownFileType = folder.assetcatalog; path = Assets.xcassets; sourceTree = "<group>"; };
		3A792CC024C0400B00D2C482 /* Base */ = {isa = PBXFileReference; lastKnownFileType = file.storyboard; name = Base; path = Base.lproj/LaunchScreen.storyboard; sourceTree = "<group>"; };
		3A792CC224C0400B00D2C482 /* Info.plist */ = {isa = PBXFileReference; lastKnownFileType = text.plist.xml; path = Info.plist; sourceTree = "<group>"; };
		70C9DAF6228B0DEDC9960981 /* Pods_KN_arrays_release_builds.framework */ = {isa = PBXFileReference; explicitFileType = wrapper.framework; includeInIndex = 0; path = Pods_KN_arrays_release_builds.framework; sourceTree = BUILT_PRODUCTS_DIR; };
		A6D9032AC0B5970FC141496D /* Pods-KN-arrays-release-builds.release.xcconfig */ = {isa = PBXFileReference; includeInIndex = 1; lastKnownFileType = text.xcconfig; name = "Pods-KN-arrays-release-builds.release.xcconfig"; path = "Target Support Files/Pods-KN-arrays-release-builds/Pods-KN-arrays-release-builds.release.xcconfig"; sourceTree = "<group>"; };
		B5F87505E6A26AC4D9F016E5 /* Pods-KN-arrays-release-builds.debug.xcconfig */ = {isa = PBXFileReference; includeInIndex = 1; lastKnownFileType = text.xcconfig; name = "Pods-KN-arrays-release-builds.debug.xcconfig"; path = "Target Support Files/Pods-KN-arrays-release-builds/Pods-KN-arrays-release-builds.debug.xcconfig"; sourceTree = "<group>"; };
/* End PBXFileReference section */

/* Begin PBXFrameworksBuildPhase section */
		3A792CAE24C0400800D2C482 /* Frameworks */ = {
			isa = PBXFrameworksBuildPhase;
			buildActionMask = 2147483647;
			files = (
				CB252D99B2933FF2A9E74F3A /* Pods_KN_arrays_release_builds.framework in Frameworks */,
			);
			runOnlyForDeploymentPostprocessing = 0;
		};
/* End PBXFrameworksBuildPhase section */

/* Begin PBXGroup section */
		3A792CA824C0400700D2C482 = {
			isa = PBXGroup;
			children = (
				3A792CB324C0400800D2C482 /* KN-arrays-release-builds */,
				3A792CB224C0400800D2C482 /* Products */,
				42AE9CD4B1C544A60FF0E466 /* Pods */,
				E0945FC438B2D4EAC1418626 /* Frameworks */,
			);
			sourceTree = "<group>";
		};
		3A792CB224C0400800D2C482 /* Products */ = {
			isa = PBXGroup;
			children = (
				3A792CB124C0400800D2C482 /* KN-arrays-release-builds.app */,
			);
			name = Products;
			sourceTree = "<group>";
		};
		3A792CB324C0400800D2C482 /* KN-arrays-release-builds */ = {
			isa = PBXGroup;
			children = (
				3A792CB424C0400800D2C482 /* AppDelegate.swift */,
				3A792CB824C0400800D2C482 /* ViewController.swift */,
				3A792CBA24C0400800D2C482 /* Main.storyboard */,
				3A792CBD24C0400B00D2C482 /* Assets.xcassets */,
				3A792CBF24C0400B00D2C482 /* LaunchScreen.storyboard */,
				3A792CC224C0400B00D2C482 /* Info.plist */,
			);
			path = "KN-arrays-release-builds";
			sourceTree = "<group>";
		};
		42AE9CD4B1C544A60FF0E466 /* Pods */ = {
			isa = PBXGroup;
			children = (
				B5F87505E6A26AC4D9F016E5 /* Pods-KN-arrays-release-builds.debug.xcconfig */,
				A6D9032AC0B5970FC141496D /* Pods-KN-arrays-release-builds.release.xcconfig */,
			);
			path = Pods;
			sourceTree = "<group>";
		};
		E0945FC438B2D4EAC1418626 /* Frameworks */ = {
			isa = PBXGroup;
			children = (
				70C9DAF6228B0DEDC9960981 /* Pods_KN_arrays_release_builds.framework */,
			);
			name = Frameworks;
			sourceTree = "<group>";
		};
/* End PBXGroup section */

/* Begin PBXNativeTarget section */
		3A792CB024C0400800D2C482 /* KN-arrays-release-builds */ = {
			isa = PBXNativeTarget;
			buildConfigurationList = 3A792CC524C0400B00D2C482 /* Build configuration list for PBXNativeTarget "KN-arrays-release-builds" */;
			buildPhases = (
				587BD8ED98837FBEE487B926 /* [CP] Check Pods Manifest.lock */,
				3A792CAD24C0400800D2C482 /* Sources */,
				3A792CAE24C0400800D2C482 /* Frameworks */,
				3A792CAF24C0400800D2C482 /* Resources */,
			);
			buildRules = (
			);
			dependencies = (
			);
			name = "KN-arrays-release-builds";
			productName = "KN-arrays-release-builds";
			productReference = 3A792CB124C0400800D2C482 /* KN-arrays-release-builds.app */;
			productType = "com.apple.product-type.application";
		};
/* End PBXNativeTarget section */

/* Begin PBXProject section */
		3A792CA924C0400800D2C482 /* Project object */ = {
			isa = PBXProject;
			attributes = {
				LastSwiftUpdateCheck = 1150;
				LastUpgradeCheck = 1150;
				ORGANIZATIONNAME = TesMath;
				TargetAttributes = {
					3A792CB024C0400800D2C482 = {
						CreatedOnToolsVersion = 11.5;
					};
				};
			};
			buildConfigurationList = 3A792CAC24C0400800D2C482 /* Build configuration list for PBXProject "KN-arrays-release-builds" */;
			compatibilityVersion = "Xcode 9.3";
			developmentRegion = en;
			hasScannedForEncodings = 0;
			knownRegions = (
				en,
				Base,
			);
			mainGroup = 3A792CA824C0400700D2C482;
			productRefGroup = 3A792CB224C0400800D2C482 /* Products */;
			projectDirPath = "";
			projectRoot = "";
			targets = (
				3A792CB024C0400800D2C482 /* KN-arrays-release-builds */,
			);
		};
/* End PBXProject section */

/* Begin PBXResourcesBuildPhase section */
		3A792CAF24C0400800D2C482 /* Resources */ = {
			isa = PBXResourcesBuildPhase;
			buildActionMask = 2147483647;
			files = (
				3A792CC124C0400B00D2C482 /* LaunchScreen.storyboard in Resources */,
				3A792CBE24C0400B00D2C482 /* Assets.xcassets in Resources */,
				3A792CBC24C0400800D2C482 /* Main.storyboard in Resources */,
			);
			runOnlyForDeploymentPostprocessing = 0;
		};
/* End PBXResourcesBuildPhase section */

/* Begin PBXShellScriptBuildPhase section */
		587BD8ED98837FBEE487B926 /* [CP] Check Pods Manifest.lock */ = {
			isa = PBXShellScriptBuildPhase;
			buildActionMask = 2147483647;
			files = (
			);
			inputFileListPaths = (
			);
			inputPaths = (
				"${PODS_PODFILE_DIR_PATH}/Podfile.lock",
				"${PODS_ROOT}/Manifest.lock",
			);
			name = "[CP] Check Pods Manifest.lock";
			outputFileListPaths = (
			);
			outputPaths = (
				"$(DERIVED_FILE_DIR)/Pods-KN-arrays-release-builds-checkManifestLockResult.txt",
			);
			runOnlyForDeploymentPostprocessing = 0;
			shellPath = /bin/sh;
			shellScript = "diff \"${PODS_PODFILE_DIR_PATH}/Podfile.lock\" \"${PODS_ROOT}/Manifest.lock\" > /dev/null\nif [ $? != 0 ] ; then\n    # print error to STDERR\n    echo \"error: The sandbox is not in sync with the Podfile.lock. Run 'pod install' or update your CocoaPods installation.\" >&2\n    exit 1\nfi\n# This output is used by Xcode 'outputs' to avoid re-running this script phase.\necho \"SUCCESS\" > \"${SCRIPT_OUTPUT_FILE_0}\"\n";
			showEnvVarsInLog = 0;
		};
/* End PBXShellScriptBuildPhase section */

/* Begin PBXSourcesBuildPhase section */
		3A792CAD24C0400800D2C482 /* Sources */ = {
			isa = PBXSourcesBuildPhase;
			buildActionMask = 2147483647;
			files = (
				3A792CB924C0400800D2C482 /* ViewController.swift in Sources */,
				3A792CB524C0400800D2C482 /* AppDelegate.swift in Sources */,
			);
			runOnlyForDeploymentPostprocessing = 0;
		};
/* End PBXSourcesBuildPhase section */

/* Begin PBXVariantGroup section */
		3A792CBA24C0400800D2C482 /* Main.storyboard */ = {
			isa = PBXVariantGroup;
			children = (
				3A792CBB24C0400800D2C482 /* Base */,
			);
			name = Main.storyboard;
			sourceTree = "<group>";
		};
		3A792CBF24C0400B00D2C482 /* LaunchScreen.storyboard */ = {
			isa = PBXVariantGroup;
			children = (
				3A792CC024C0400B00D2C482 /* Base */,
			);
			name = LaunchScreen.storyboard;
			sourceTree = "<group>";
		};
/* End PBXVariantGroup section */

/* Begin XCBuildConfiguration section */
		3A792CC324C0400B00D2C482 /* Debug */ = {
			isa = XCBuildConfiguration;
			buildSettings = {
				ALWAYS_SEARCH_USER_PATHS = NO;
				CLANG_ANALYZER_NONNULL = YES;
				CLANG_ANALYZER_NUMBER_OBJECT_CONVERSION = YES_AGGRESSIVE;
				CLANG_CXX_LANGUAGE_STANDARD = "gnu++14";
				CLANG_CXX_LIBRARY = "libc++";
				CLANG_ENABLE_MODULES = YES;
				CLANG_ENABLE_OBJC_ARC = YES;
				CLANG_ENABLE_OBJC_WEAK = YES;
				CLANG_WARN_BLOCK_CAPTURE_AUTORELEASING = YES;
				CLANG_WARN_BOOL_CONVERSION = YES;
				CLANG_WARN_COMMA = YES;
				CLANG_WARN_CONSTANT_CONVERSION = YES;
				CLANG_WARN_DEPRECATED_OBJC_IMPLEMENTATIONS = YES;
				CLANG_WARN_DIRECT_OBJC_ISA_USAGE = YES_ERROR;
				CLANG_WARN_DOCUMENTATION_COMMENTS = YES;
				CLANG_WARN_EMPTY_BODY = YES;
				CLANG_WARN_ENUM_CONVERSION = YES;
				CLANG_WARN_INFINITE_RECURSION = YES;
				CLANG_WARN_INT_CONVERSION = YES;
				CLANG_WARN_NON_LITERAL_NULL_CONVERSION = YES;
				CLANG_WARN_OBJC_IMPLICIT_RETAIN_SELF = YES;
				CLANG_WARN_OBJC_LITERAL_CONVERSION = YES;
				CLANG_WARN_OBJC_ROOT_CLASS = YES_ERROR;
				CLANG_WARN_RANGE_LOOP_ANALYSIS = YES;
				CLANG_WARN_STRICT_PROTOTYPES = YES;
				CLANG_WARN_SUSPICIOUS_MOVE = YES;
				CLANG_WARN_UNGUARDED_AVAILABILITY = YES_AGGRESSIVE;
				CLANG_WARN_UNREACHABLE_CODE = YES;
				CLANG_WARN__DUPLICATE_METHOD_MATCH = YES;
				COPY_PHASE_STRIP = NO;
				DEBUG_INFORMATION_FORMAT = dwarf;
				ENABLE_STRICT_OBJC_MSGSEND = YES;
				ENABLE_TESTABILITY = YES;
				GCC_C_LANGUAGE_STANDARD = gnu11;
				GCC_DYNAMIC_NO_PIC = NO;
				GCC_NO_COMMON_BLOCKS = YES;
				GCC_OPTIMIZATION_LEVEL = 0;
				GCC_PREPROCESSOR_DEFINITIONS = (
					"DEBUG=1",
					"$(inherited)",
				);
				GCC_WARN_64_TO_32_BIT_CONVERSION = YES;
				GCC_WARN_ABOUT_RETURN_TYPE = YES_ERROR;
				GCC_WARN_UNDECLARED_SELECTOR = YES;
				GCC_WARN_UNINITIALIZED_AUTOS = YES_AGGRESSIVE;
				GCC_WARN_UNUSED_FUNCTION = YES;
				GCC_WARN_UNUSED_VARIABLE = YES;
				IPHONEOS_DEPLOYMENT_TARGET = 13.5;
				MTL_ENABLE_DEBUG_INFO = INCLUDE_SOURCE;
				MTL_FAST_MATH = YES;
				ONLY_ACTIVE_ARCH = YES;
				SDKROOT = iphoneos;
				SWIFT_ACTIVE_COMPILATION_CONDITIONS = DEBUG;
				SWIFT_OPTIMIZATION_LEVEL = "-Onone";
				VALID_ARCHS = "arm64 arm64e";
			};
			name = Debug;
		};
		3A792CC424C0400B00D2C482 /* Release */ = {
			isa = XCBuildConfiguration;
			buildSettings = {
				ALWAYS_SEARCH_USER_PATHS = NO;
				CLANG_ANALYZER_NONNULL = YES;
				CLANG_ANALYZER_NUMBER_OBJECT_CONVERSION = YES_AGGRESSIVE;
				CLANG_CXX_LANGUAGE_STANDARD = "gnu++14";
				CLANG_CXX_LIBRARY = "libc++";
				CLANG_ENABLE_MODULES = YES;
				CLANG_ENABLE_OBJC_ARC = YES;
				CLANG_ENABLE_OBJC_WEAK = YES;
				CLANG_WARN_BLOCK_CAPTURE_AUTORELEASING = YES;
				CLANG_WARN_BOOL_CONVERSION = YES;
				CLANG_WARN_COMMA = YES;
				CLANG_WARN_CONSTANT_CONVERSION = YES;
				CLANG_WARN_DEPRECATED_OBJC_IMPLEMENTATIONS = YES;
				CLANG_WARN_DIRECT_OBJC_ISA_USAGE = YES_ERROR;
				CLANG_WARN_DOCUMENTATION_COMMENTS = YES;
				CLANG_WARN_EMPTY_BODY = YES;
				CLANG_WARN_ENUM_CONVERSION = YES;
				CLANG_WARN_INFINITE_RECURSION = YES;
				CLANG_WARN_INT_CONVERSION = YES;
				CLANG_WARN_NON_LITERAL_NULL_CONVERSION = YES;
				CLANG_WARN_OBJC_IMPLICIT_RETAIN_SELF = YES;
				CLANG_WARN_OBJC_LITERAL_CONVERSION = YES;
				CLANG_WARN_OBJC_ROOT_CLASS = YES_ERROR;
				CLANG_WARN_RANGE_LOOP_ANALYSIS = YES;
				CLANG_WARN_STRICT_PROTOTYPES = YES;
				CLANG_WARN_SUSPICIOUS_MOVE = YES;
				CLANG_WARN_UNGUARDED_AVAILABILITY = YES_AGGRESSIVE;
				CLANG_WARN_UNREACHABLE_CODE = YES;
				CLANG_WARN__DUPLICATE_METHOD_MATCH = YES;
				COPY_PHASE_STRIP = NO;
				DEBUG_INFORMATION_FORMAT = "dwarf-with-dsym";
				ENABLE_NS_ASSERTIONS = NO;
				ENABLE_STRICT_OBJC_MSGSEND = YES;
				GCC_C_LANGUAGE_STANDARD = gnu11;
				GCC_NO_COMMON_BLOCKS = YES;
				GCC_WARN_64_TO_32_BIT_CONVERSION = YES;
				GCC_WARN_ABOUT_RETURN_TYPE = YES_ERROR;
				GCC_WARN_UNDECLARED_SELECTOR = YES;
				GCC_WARN_UNINITIALIZED_AUTOS = YES_AGGRESSIVE;
				GCC_WARN_UNUSED_FUNCTION = YES;
				GCC_WARN_UNUSED_VARIABLE = YES;
				IPHONEOS_DEPLOYMENT_TARGET = 13.5;
				MTL_ENABLE_DEBUG_INFO = NO;
				MTL_FAST_MATH = YES;
				SDKROOT = iphoneos;
				SWIFT_COMPILATION_MODE = wholemodule;
				SWIFT_OPTIMIZATION_LEVEL = "-O";
				VALIDATE_PRODUCT = YES;
				VALID_ARCHS = "arm64 arm64e";
			};
			name = Release;
		};
		3A792CC624C0400B00D2C482 /* Debug */ = {
			isa = XCBuildConfiguration;
			baseConfigurationReference = B5F87505E6A26AC4D9F016E5 /* Pods-KN-arrays-release-builds.debug.xcconfig */;
			buildSettings = {
				ASSETCATALOG_COMPILER_APPICON_NAME = AppIcon;
				CODE_SIGN_STYLE = Automatic;
				DEVELOPMENT_TEAM = 8BAZLBQC2A;
				INFOPLIST_FILE = "KN-arrays-release-builds/Info.plist";
				LD_RUNPATH_SEARCH_PATHS = (
					"$(inherited)",
					"@executable_path/Frameworks",
				);
				PRODUCT_BUNDLE_IDENTIFIER = "com.tesmath.KN-arrays-release-builds";
				PRODUCT_NAME = "$(TARGET_NAME)";
				SWIFT_VERSION = 5.0;
				TARGETED_DEVICE_FAMILY = "1,2";
			};
			name = Debug;
		};
		3A792CC724C0400B00D2C482 /* Release */ = {
			isa = XCBuildConfiguration;
			baseConfigurationReference = A6D9032AC0B5970FC141496D /* Pods-KN-arrays-release-builds.release.xcconfig */;
			buildSettings = {
				ASSETCATALOG_COMPILER_APPICON_NAME = AppIcon;
				CODE_SIGN_STYLE = Automatic;
				DEVELOPMENT_TEAM = 8BAZLBQC2A;
				INFOPLIST_FILE = "KN-arrays-release-builds/Info.plist";
				LD_RUNPATH_SEARCH_PATHS = (
					"$(inherited)",
					"@executable_path/Frameworks",
				);
				PRODUCT_BUNDLE_IDENTIFIER = "com.tesmath.KN-arrays-release-builds";
				PRODUCT_NAME = "$(TARGET_NAME)";
				SWIFT_VERSION = 5.0;
				TARGETED_DEVICE_FAMILY = "1,2";
			};
			name = Release;
		};
/* End XCBuildConfiguration section */

/* Begin XCConfigurationList section */
		3A792CAC24C0400800D2C482 /* Build configuration list for PBXProject "KN-arrays-release-builds" */ = {
			isa = XCConfigurationList;
			buildConfigurations = (
				3A792CC324C0400B00D2C482 /* Debug */,
				3A792CC424C0400B00D2C482 /* Release */,
			);
			defaultConfigurationIsVisible = 0;
			defaultConfigurationName = Release;
		};
		3A792CC524C0400B00D2C482 /* Build configuration list for PBXNativeTarget "KN-arrays-release-builds" */ = {
			isa = XCConfigurationList;
			buildConfigurations = (
				3A792CC624C0400B00D2C482 /* Debug */,
				3A792CC724C0400B00D2C482 /* Release */,
			);
			defaultConfigurationIsVisible = 0;
			defaultConfigurationName = Release;
		};
/* End XCConfigurationList section */
	};
	rootObject = 3A792CA924C0400800D2C482 /* Project object */;
}
